
Microsoft Visual Studio Solution File, Format Version 12.00
# Visual Studio Version 16
VisualStudioVersion = 16.0.31112.23
MinimumVisualStudioVersion = 10.0.40219.1
Project("{FAE04EC0-301F-11D3-BF4B-00C04F79EFBC}") = "Hello World Flyout.UWP", "Hello World Flyout\Hello World Flyout.UWP\Hello World Flyout.UWP.csproj", "{7104BA64-DDAB-4880-8232-BFB54B8AD031}"
EndProject
Project("{FAE04EC0-301F-11D3-BF4B-00C04F79EFBC}") = "Hello World Flyout.Android", "Hello World Flyout\Hello World Flyout.Android\Hello World Flyout.Android.csproj", "{BD6FC288-699F-49E0-9615-2C36EA1A910E}"
EndProject
Project("{FAE04EC0-301F-11D3-BF4B-00C04F79EFBC}") = "Hello World Flyout.iOS", "Hello World Flyout\Hello World Flyout.iOS\Hello World Flyout.iOS.csproj", "{A5905BF3-8C99-4A74-A30B-2D5A4A291AE5}"
EndProject
Project("{FAE04EC0-301F-11D3-BF4B-00C04F79EFBC}") = "Hello World Flyout", "Hello World Flyout\Hello World Flyout\Hello World Flyout.csproj", "{44FF2C9D-9574-4370-A87A-3DC6EA801176}"
EndProject
Global
	GlobalSection(SolutionConfigurationPlatforms) = preSolution
		Debug|Any CPU = Debug|Any CPU
		Debug|ARM = Debug|ARM
		Debug|iPhone = Debug|iPhone
		Debug|iPhoneSimulator = Debug|iPhoneSimulator
		Debug|x64 = Debug|x64
		Debug|x86 = Debug|x86
		Release|Any CPU = Release|Any CPU
		Release|ARM = Release|ARM
		Release|iPhone = Release|iPhone
		Release|iPhoneSimulator = Release|iPhoneSimulator
		Release|x64 = Release|x64
		Release|x86 = Release|x86
	EndGlobalSection
	GlobalSection(ProjectConfigurationPlatforms) = postSolution
		{7104BA64-DDAB-4880-8232-BFB54B8AD031}.Debug|Any CPU.ActiveCfg = Debug|x86
		{7104BA64-DDAB-4880-8232-BFB54B8AD031}.Debug|Any CPU.Build.0 = Debug|x86
		{7104BA64-DDAB-4880-8232-BFB54B8AD031}.Debug|Any CPU.Deploy.0 = Debug|x86
		{7104BA64-DDAB-4880-8232-BFB54B8AD031}.Debug|ARM.ActiveCfg = Debug|ARM
		{7104BA64-DDAB-4880-8232-BFB54B8AD031}.Debug|ARM.Build.0 = Debug|ARM
		{7104BA64-DDAB-4880-8232-BFB54B8AD031}.Debug|ARM.Deploy.0 = Debug|ARM
		{7104BA64-DDAB-4880-8232-BFB54B8AD031}.Debug|iPhone.ActiveCfg = Debug|x86
		{7104BA64-DDAB-4880-8232-BFB54B8AD031}.Debug|iPhone.Build.0 = Debug|x86
		{7104BA64-DDAB-4880-8232-BFB54B8AD031}.Debug|iPhone.Deploy.0 = Debug|x86
		{7104BA64-DDAB-4880-8232-BFB54B8AD031}.Debug|iPhoneSimulator.ActiveCfg = Debug|x86
		{7104BA64-DDAB-4880-8232-BFB54B8AD031}.Debug|iPhoneSimulator.Build.0 = Debug|x86
		{7104BA64-DDAB-4880-8232-BFB54B8AD031}.Debug|iPhoneSimulator.Deploy.0 = Debug|x86
		{7104BA64-DDAB-4880-8232-BFB54B8AD031}.Debug|x64.ActiveCfg = Debug|x64
		{7104BA64-DDAB-4880-8232-BFB54B8AD031}.Debug|x64.Build.0 = Debug|x64
		{7104BA64-DDAB-4880-8232-BFB54B8AD031}.Debug|x64.Deploy.0 = Debug|x64
		{7104BA64-DDAB-4880-8232-BFB54B8AD031}.Debug|x86.ActiveCfg = Debug|x86
		{7104BA64-DDAB-4880-8232-BFB54B8AD031}.Debug|x86.Build.0 = Debug|x86
		{7104BA64-DDAB-4880-8232-BFB54B8AD031}.Debug|x86.Deploy.0 = Debug|x86
		{7104BA64-DDAB-4880-8232-BFB54B8AD031}.Release|Any CPU.ActiveCfg = Release|x86
		{7104BA64-DDAB-4880-8232-BFB54B8AD031}.Release|Any CPU.Build.0 = Release|x86
		{7104BA64-DDAB-4880-8232-BFB54B8AD031}.Release|Any CPU.Deploy.0 = Release|x86
		{7104BA64-DDAB-4880-8232-BFB54B8AD031}.Release|ARM.ActiveCfg = Release|ARM
		{7104BA64-DDAB-4880-8232-BFB54B8AD031}.Release|ARM.Build.0 = Release|ARM
		{7104BA64-DDAB-4880-8232-BFB54B8AD031}.Release|ARM.Deploy.0 = Release|ARM
		{7104BA64-DDAB-4880-8232-BFB54B8AD031}.Release|iPhone.ActiveCfg = Release|x86
		{7104BA64-DDAB-4880-8232-BFB54B8AD031}.Release|iPhone.Build.0 = Release|x86
		{7104BA64-DDAB-4880-8232-BFB54B8AD031}.Release|iPhone.Deploy.0 = Release|x86
		{7104BA64-DDAB-4880-8232-BFB54B8AD031}.Release|iPhoneSimulator.ActiveCfg = Release|x86
		{7104BA64-DDAB-4880-8232-BFB54B8AD031}.Release|iPhoneSimulator.Build.0 = Release|x86
		{7104BA64-DDAB-4880-8232-BFB54B8AD031}.Release|iPhoneSimulator.Deploy.0 = Release|x86
		{7104BA64-DDAB-4880-8232-BFB54B8AD031}.Release|x64.ActiveCfg = Release|x64
		{7104BA64-DDAB-4880-8232-BFB54B8AD031}.Release|x64.Build.0 = Release|x64
		{7104BA64-DDAB-4880-8232-BFB54B8AD031}.Release|x64.Deploy.0 = Release|x64
		{7104BA64-DDAB-4880-8232-BFB54B8AD031}.Release|x86.ActiveCfg = Release|x86
		{7104BA64-DDAB-4880-8232-BFB54B8AD031}.Release|x86.Build.0 = Release|x86
		{7104BA64-DDAB-4880-8232-BFB54B8AD031}.Release|x86.Deploy.0 = Release|x86
		{BD6FC288-699F-49E0-9615-2C36EA1A910E}.Debug|Any CPU.ActiveCfg = Debug|Any CPU
		{BD6FC288-699F-49E0-9615-2C36EA1A910E}.Debug|Any CPU.Build.0 = Debug|Any CPU
		{BD6FC288-699F-49E0-9615-2C36EA1A910E}.Debug|Any CPU.Deploy.0 = Debug|Any CPU
		{BD6FC288-699F-49E0-9615-2C36EA1A910E}.Debug|ARM.ActiveCfg = Debug|Any CPU
		{BD6FC288-699F-49E0-9615-2C36EA1A910E}.Debug|ARM.Build.0 = Debug|Any CPU
		{BD6FC288-699F-49E0-9615-2C36EA1A910E}.Debug|ARM.Deploy.0 = Debug|Any CPU
		{BD6FC288-699F-49E0-9615-2C36EA1A910E}.Debug|iPhone.ActiveCfg = Debug|Any CPU
		{BD6FC288-699F-49E0-9615-2C36EA1A910E}.Debug|iPhone.Build.0 = Debug|Any CPU
		{BD6FC288-699F-49E0-9615-2C36EA1A910E}.Debug|iPhone.Deploy.0 = Debug|Any CPU
		{BD6FC288-699F-49E0-9615-2C36EA1A910E}.Debug|iPhoneSimulator.ActiveCfg = Debug|Any CPU
		{BD6FC288-699F-49E0-9615-2C36EA1A910E}.Debug|iPhoneSimulator.Build.0 = Debug|Any CPU
		{BD6FC288-699F-49E0-9615-2C36EA1A910E}.Debug|iPhoneSimulator.Deploy.0 = Debug|Any CPU
		{BD6FC288-699F-49E0-9615-2C36EA1A910E}.Debug|x64.ActiveCfg = Debug|Any CPU
		{BD6FC288-699F-49E0-9615-2C36EA1A910E}.Debug|x64.Build.0 = Debug|Any CPU
		{BD6FC288-699F-49E0-9615-2C36EA1A910E}.Debug|x64.Deploy.0 = Debug|Any CPU
		{BD6FC288-699F-49E0-9615-2C36EA1A910E}.Debug|x86.ActiveCfg = Debug|Any CPU
		{BD6FC288-699F-49E0-9615-2C36EA1A910E}.Debug|x86.Build.0 = Debug|Any CPU
		{BD6FC288-699F-49E0-9615-2C36EA1A910E}.Debug|x86.Deploy.0 = Debug|Any CPU
		{BD6FC288-699F-49E0-9615-2C36EA1A910E}.Release|Any CPU.ActiveCfg = Release|Any CPU
		{BD6FC288-699F-49E0-9615-2C36EA1A910E}.Release|Any CPU.Build.0 = Release|Any CPU
		{BD6FC288-699F-49E0-9615-2C36EA1A910E}.Release|Any CPU.Deploy.0 = Release|Any CPU
		{BD6FC288-699F-49E0-9615-2C36EA1A910E}.Release|ARM.ActiveCfg = Release|Any CPU
		{BD6FC288-699F-49E0-9615-2C36EA1A910E}.Release|ARM.Build.0 = Release|Any CPU
		{BD6FC288-699F-49E0-9615-2C36EA1A910E}.Release|ARM.Deploy.0 = Release|Any CPU
		{BD6FC288-699F-49E0-9615-2C36EA1A910E}.Release|iPhone.ActiveCfg = Release|Any CPU
		{BD6FC288-699F-49E0-9615-2C36EA1A910E}.Release|iPhone.Build.0 = Release|Any CPU
		{BD6FC288-699F-49E0-9615-2C36EA1A910E}.Release|iPhone.Deploy.0 = Release|Any CPU
		{BD6FC288-699F-49E0-9615-2C36EA1A910E}.Release|iPhoneSimulator.ActiveCfg = Release|Any CPU
		{BD6FC288-699F-49E0-9615-2C36EA1A910E}.Release|iPhoneSimulator.Build.0 = Release|Any CPU
		{BD6FC288-699F-49E0-9615-2C36EA1A910E}.Release|iPhoneSimulator.Deploy.0 = Release|Any CPU
		{BD6FC288-699F-49E0-9615-2C36EA1A910E}.Release|x64.ActiveCfg = Release|Any CPU
		{BD6FC288-699F-49E0-9615-2C36EA1A910E}.Release|x64.Build.0 = Release|Any CPU
		{BD6FC288-699F-49E0-9615-2C36EA1A910E}.Release|x64.Deploy.0 = Release|Any CPU
		{BD6FC288-699F-49E0-9615-2C36EA1A910E}.Release|x86.ActiveCfg = Release|Any CPU
		{BD6FC288-699F-49E0-9615-2C36EA1A910E}.Release|x86.Build.0 = Release|Any CPU
		{BD6FC288-699F-49E0-9615-2C36EA1A910E}.Release|x86.Deploy.0 = Release|Any CPU
		{A5905BF3-8C99-4A74-A30B-2D5A4A291AE5}.Debug|Any CPU.ActiveCfg = Debug|iPhoneSimulator
		{A5905BF3-8C99-4A74-A30B-2D5A4A291AE5}.Debug|Any CPU.Build.0 = Debug|iPhoneSimulator
		{A5905BF3-8C99-4A74-A30B-2D5A4A291AE5}.Debug|Any CPU.Deploy.0 = Debug|iPhoneSimulator
		{A5905BF3-8C99-4A74-A30B-2D5A4A291AE5}.Debug|ARM.ActiveCfg = Debug|iPhone
		{A5905BF3-8C99-4A74-A30B-2D5A4A291AE5}.Debug|ARM.Build.0 = Debug|iPhone
		{A5905BF3-8C99-4A74-A30B-2D5A4A291AE5}.Debug|ARM.Deploy.0 = Debug|iPhone
		{A5905BF3-8C99-4A74-A30B-2D5A4A291AE5}.Debug|iPhone.ActiveCfg = Debug|iPhone
		{A5905BF3-8C99-4A74-A30B-2D5A4A291AE5}.Debug|iPhone.Build.0 = Debug|iPhone
		{A5905BF3-8C99-4A74-A30B-2D5A4A291AE5}.Debug|iPhone.Deploy.0 = Debug|iPhone
		{A5905BF3-8C99-4A74-A30B-2D5A4A291AE5}.Debug|iPhoneSimulator.ActiveCfg = Debug|iPhoneSimulator
		{A5905BF3-8C99-4A74-A30B-2D5A4A291AE5}.Debug|iPhoneSimulator.Build.0 = Debug|iPhoneSimulator
		{A5905BF3-8C99-4A74-A30B-2D5A4A291AE5}.Debug|iPhoneSimulator.Deploy.0 = Debug|iPhoneSimulator
		{A5905BF3-8C99-4A74-A30B-2D5A4A291AE5}.Debug|x64.ActiveCfg = Debug|iPhoneSimulator
		{A5905BF3-8C99-4A74-A30B-2D5A4A291AE5}.Debug|x64.Build.0 = Debug|iPhoneSimulator
		{A5905BF3-8C99-4A74-A30B-2D5A4A291AE5}.Debug|x64.Deploy.0 = Debug|iPhoneSimulator
		{A5905BF3-8C99-4A74-A30B-2D5A4A291AE5}.Debug|x86.ActiveCfg = Debug|iPhoneSimulator
		{A5905BF3-8C99-4A74-A30B-2D5A4A291AE5}.Debug|x86.Build.0 = Debug|iPhoneSimulator
		{A5905BF3-8C99-4A74-A30B-2D5A4A291AE5}.Debug|x86.Deploy.0 = Debug|iPhoneSimulator
		{A5905BF3-8C99-4A74-A30B-2D5A4A291AE5}.Release|Any CPU.ActiveCfg = Release|iPhoneSimulator
		{A5905BF3-8C99-4A74-A30B-2D5A4A291AE5}.Release|Any CPU.Build.0 = Release|iPhoneSimulator
		{A5905BF3-8C99-4A74-A30B-2D5A4A291AE5}.Release|Any CPU.Deploy.0 = Release|iPhoneSimulator
		{A5905BF3-8C99-4A74-A30B-2D5A4A291AE5}.Release|ARM.ActiveCfg = Release|iPhoneSimulator
		{A5905BF3-8C99-4A74-A30B-2D5A4A291AE5}.Release|ARM.Build.0 = Release|iPhoneSimulator
		{A5905BF3-8C99-4A74-A30B-2D5A4A291AE5}.Release|ARM.Deploy.0 = Release|iPhoneSimulator
		{A5905BF3-8C99-4A74-A30B-2D5A4A291AE5}.Release|iPhone.ActiveCfg = Release|iPhone
		{A5905BF3-8C99-4A74-A30B-2D5A4A291AE5}.Release|iPhone.Build.0 = Release|iPhone
		{A5905BF3-8C99-4A74-A30B-2D5A4A291AE5}.Release|iPhone.Deploy.0 = Release|iPhone
		{A5905BF3-8C99-4A74-A30B-2D5A4A291AE5}.Release|iPhoneSimulator.ActiveCfg = Release|iPhoneSimulator
		{A5905BF3-8C99-4A74-A30B-2D5A4A291AE5}.Release|iPhoneSimulator.Build.0 = Release|iPhoneSimulator
		{A5905BF3-8C99-4A74-A30B-2D5A4A291AE5}.Release|iPhoneSimulator.Deploy.0 = Release|iPhoneSimulator
		{A5905BF3-8C99-4A74-A30B-2D5A4A291AE5}.Release|x64.ActiveCfg = Release|iPhoneSimulator
		{A5905BF3-8C99-4A74-A30B-2D5A4A291AE5}.Release|x64.Build.0 = Release|iPhoneSimulator
		{A5905BF3-8C99-4A74-A30B-2D5A4A291AE5}.Release|x64.Deploy.0 = Release|iPhoneSimulator
		{A5905BF3-8C99-4A74-A30B-2D5A4A291AE5}.Release|x86.ActiveCfg = Release|iPhoneSimulator
		{A5905BF3-8C99-4A74-A30B-2D5A4A291AE5}.Release|x86.Build.0 = Release|iPhoneSimulator
		{A5905BF3-8C99-4A74-A30B-2D5A4A291AE5}.Release|x86.Deploy.0 = Release|iPhoneSimulator
		{44FF2C9D-9574-4370-A87A-3DC6EA801176}.Debug|Any CPU.ActiveCfg = Debug|Any CPU
		{44FF2C9D-9574-4370-A87A-3DC6EA801176}.Debug|Any CPU.Build.0 = Debug|Any CPU
		{44FF2C9D-9574-4370-A87A-3DC6EA801176}.Debug|Any CPU.Deploy.0 = Debug|Any CPU
		{44FF2C9D-9574-4370-A87A-3DC6EA801176}.Debug|ARM.ActiveCfg = Debug|Any CPU
		{44FF2C9D-9574-4370-A87A-3DC6EA801176}.Debug|ARM.Build.0 = Debug|Any CPU
		{44FF2C9D-9574-4370-A87A-3DC6EA801176}.Debug|ARM.Deploy.0 = Debug|Any CPU
		{44FF2C9D-9574-4370-A87A-3DC6EA801176}.Debug|iPhone.ActiveCfg = Debug|Any CPU
		{44FF2C9D-9574-4370-A87A-3DC6EA801176}.Debug|iPhone.Build.0 = Debug|Any CPU
		{44FF2C9D-9574-4370-A87A-3DC6EA801176}.Debug|iPhone.Deploy.0 = Debug|Any CPU
		{44FF2C9D-9574-4370-A87A-3DC6EA801176}.Debug|iPhoneSimulator.ActiveCfg = Debug|Any CPU
		{44FF2C9D-9574-4370-A87A-3DC6EA801176}.Debug|iPhoneSimulator.Build.0 = Debug|Any CPU
		{44FF2C9D-9574-4370-A87A-3DC6EA801176}.Debug|iPhoneSimulator.Deploy.0 = Debug|Any CPU
		{44FF2C9D-9574-4370-A87A-3DC6EA801176}.Debug|x64.ActiveCfg = Debug|Any CPU
		{44FF2C9D-9574-4370-A87A-3DC6EA801176}.Debug|x64.Build.0 = Debug|Any CPU
		{44FF2C9D-9574-4370-A87A-3DC6EA801176}.Debug|x64.Deploy.0 = Debug|Any CPU
		{44FF2C9D-9574-4370-A87A-3DC6EA801176}.Debug|x86.ActiveCfg = Debug|Any CPU
		{44FF2C9D-9574-4370-A87A-3DC6EA801176}.Debug|x86.Build.0 = Debug|Any CPU
		{44FF2C9D-9574-4370-A87A-3DC6EA801176}.Debug|x86.Deploy.0 = Debug|Any CPU
		{44FF2C9D-9574-4370-A87A-3DC6EA801176}.Release|Any CPU.ActiveCfg = Release|Any CPU
		{44FF2C9D-9574-4370-A87A-3DC6EA801176}.Release|Any CPU.Build.0 = Release|Any CPU
		{44FF2C9D-9574-4370-A87A-3DC6EA801176}.Release|Any CPU.Deploy.0 = Release|Any CPU
		{44FF2C9D-9574-4370-A87A-3DC6EA801176}.Release|ARM.ActiveCfg = Release|Any CPU
		{44FF2C9D-9574-4370-A87A-3DC6EA801176}.Release|ARM.Build.0 = Release|Any CPU
		{44FF2C9D-9574-4370-A87A-3DC6EA801176}.Release|ARM.Deploy.0 = Release|Any CPU
		{44FF2C9D-9574-4370-A87A-3DC6EA801176}.Release|iPhone.ActiveCfg = Release|Any CPU
		{44FF2C9D-9574-4370-A87A-3DC6EA801176}.Release|iPhone.Build.0 = Release|Any CPU
		{44FF2C9D-9574-4370-A87A-3DC6EA801176}.Release|iPhone.Deploy.0 = Release|Any CPU
		{44FF2C9D-9574-4370-A87A-3DC6EA801176}.Release|iPhoneSimulator.ActiveCfg = Release|Any CPU
		{44FF2C9D-9574-4370-A87A-3DC6EA801176}.Release|iPhoneSimulator.Build.0 = Release|Any CPU
		{44FF2C9D-9574-4370-A87A-3DC6EA801176}.Release|iPhoneSimulator.Deploy.0 = Release|Any CPU
		{44FF2C9D-9574-4370-A87A-3DC6EA801176}.Release|x64.ActiveCfg = Release|Any CPU
		{44FF2C9D-9574-4370-A87A-3DC6EA801176}.Release|x64.Build.0 = Release|Any CPU
		{44FF2C9D-9574-4370-A87A-3DC6EA801176}.Release|x64.Deploy.0 = Release|Any CPU
		{44FF2C9D-9574-4370-A87A-3DC6EA801176}.Release|x86.ActiveCfg = Release|Any CPU
		{44FF2C9D-9574-4370-A87A-3DC6EA801176}.Release|x86.Build.0 = Release|Any CPU
		{44FF2C9D-9574-4370-A87A-3DC6EA801176}.Release|x86.Deploy.0 = Release|Any CPU
	EndGlobalSection
	GlobalSection(SolutionProperties) = preSolution
		HideSolutionNode = FALSE
	EndGlobalSection
	GlobalSection(ExtensibilityGlobals) = postSolution
		SolutionGuid = {EDC29739-7C87-46A1-89D5-93364DBF24FD}
	EndGlobalSection
EndGlobal
